GEM
  remote: https://rubygems.org/
  specs:
    addressable (2.8.1)
      public_suffix (>= 2.0.2, < 6.0)
    bourbon (4.0.2)
      sass (~> 3.3)
      thor
    colorize (0.5.8)
    dalli (2.6.4)
    ffi (1.15.5)
    launchy (2.1.2)
      addressable (~> 2.3)
    neat (1.6.0)
      bourbon (>= 3.1)
      sass (>= 3.3)
    public_suffix (5.0.0)
    rb-fsevent (0.9.3)
    rb-inotify (0.10.1)
      ffi (~> 1.0)
    sass (3.3.5)
    sys-proctable (0.9.3)
    thor (0.19.1)

PLATFORMS
  ruby

DEPENDENCIES
  bourbon (~> 4.0.2)
  colorize (~> 0.5.8)
  dalli (~> 2.6.4)
  launchy (~> 2.1.2)
  neat (~> 1.6.0)
  rb-fsevent (~> 0.9.3)
  rb-inotify (~> 0.9, >= 0.9.2)
  sass (= 3.3.5)
  sys-proctable (~> 0.9.3)

BUNDLED WITH
   2.1.4
